
Microsoft Visual Studio Solution File, Format Version 12.00
Project("{FAE04EC0-301F-11D3-BF4B-00C04F79EFBC}") = "ChefManager", "ChefManager.csproj", "{2F1BC6D5-6151-4F6F-9293-A29AFB4F9708}"
EndProject
Global
	GlobalSection(SolutionConfigurationPlatforms) = preSolution
		Debug|Any CPU = Debug|Any CPU
		Release|Any CPU = Release|Any CPU
	EndGlobalSection
	GlobalSection(ProjectConfigurationPlatforms) = postSolution
		{2F1BC6D5-6151-4F6F-9293-A29AFB4F9708}.Debug|Any CPU.ActiveCfg = Debug|Any CPU
		{2F1BC6D5-6151-4F6F-9293-A29AFB4F9708}.Debug|Any CPU.Build.0 = Debug|Any CPU
		{2F1BC6D5-6151-4F6F-9293-A29AFB4F9708}.Release|Any CPU.ActiveCfg = Release|Any CPU
		{2F1BC6D5-6151-4F6F-9293-A29AFB4F9708}.Release|Any CPU.Build.0 = Release|Any CPU
	EndGlobalSection
EndGlobal
